
Microsoft Visual Studio Solution File, Format Version 12.00
# Visual Studio Version 17
VisualStudioVersion = 17.12.35527.113
MinimumVisualStudioVersion = 10.0.40219.1
Project("{FAE04EC0-301F-11D3-BF4B-00C04F79EFBC}") = "CFW.Core", "CFW.Core\CFW.Core.csproj", "{991C4CED-B3D8-43B4-8468-6B5A777EEA95}"
EndProject
Project("{FAE04EC0-301F-11D3-BF4B-00C04F79EFBC}") = "CFW.ODataCore", "CFW.ODataCore\CFW.ODataCore.csproj", "{54D7E769-86F5-43D7-A6FE-9E48F91A1C02}"
EndProject
Project("{FAE04EC0-301F-11D3-BF4B-00C04F79EFBC}") = "CFW.ODataCore.Tests", "CFW.ODataCore.Tests\CFW.ODataCore.Tests.csproj", "{E7C61861-01DA-46E5-B117-106E4D237ECA}"
EndProject
Project("{FAE04EC0-301F-11D3-BF4B-00C04F79EFBC}") = "CFW.Core.Testings", "CFW.Core.Testings\CFW.Core.Testings.csproj", "{AB5A7077-2D16-45FD-B0F7-6239C7379248}"
EndProject
Global
	GlobalSection(SolutionConfigurationPlatforms) = preSolution
		Debug|Any CPU = Debug|Any CPU
		Release|Any CPU = Release|Any CPU
	EndGlobalSection
	GlobalSection(ProjectConfigurationPlatforms) = postSolution
		{991C4CED-B3D8-43B4-8468-6B5A777EEA95}.Debug|Any CPU.ActiveCfg = Debug|Any CPU
		{991C4CED-B3D8-43B4-8468-6B5A777EEA95}.Debug|Any CPU.Build.0 = Debug|Any CPU
		{991C4CED-B3D8-43B4-8468-6B5A777EEA95}.Release|Any CPU.ActiveCfg = Release|Any CPU
		{991C4CED-B3D8-43B4-8468-6B5A777EEA95}.Release|Any CPU.Build.0 = Release|Any CPU
		{54D7E769-86F5-43D7-A6FE-9E48F91A1C02}.Debug|Any CPU.ActiveCfg = Debug|Any CPU
		{54D7E769-86F5-43D7-A6FE-9E48F91A1C02}.Debug|Any CPU.Build.0 = Debug|Any CPU
		{54D7E769-86F5-43D7-A6FE-9E48F91A1C02}.Release|Any CPU.ActiveCfg = Release|Any CPU
		{54D7E769-86F5-43D7-A6FE-9E48F91A1C02}.Release|Any CPU.Build.0 = Release|Any CPU
		{E7C61861-01DA-46E5-B117-106E4D237ECA}.Debug|Any CPU.ActiveCfg = Debug|Any CPU
		{E7C61861-01DA-46E5-B117-106E4D237ECA}.Debug|Any CPU.Build.0 = Debug|Any CPU
		{E7C61861-01DA-46E5-B117-106E4D237ECA}.Release|Any CPU.ActiveCfg = Release|Any CPU
		{E7C61861-01DA-46E5-B117-106E4D237ECA}.Release|Any CPU.Build.0 = Release|Any CPU
		{AB5A7077-2D16-45FD-B0F7-6239C7379248}.Debug|Any CPU.ActiveCfg = Debug|Any CPU
		{AB5A7077-2D16-45FD-B0F7-6239C7379248}.Debug|Any CPU.Build.0 = Debug|Any CPU
		{AB5A7077-2D16-45FD-B0F7-6239C7379248}.Release|Any CPU.ActiveCfg = Release|Any CPU
		{AB5A7077-2D16-45FD-B0F7-6239C7379248}.Release|Any CPU.Build.0 = Release|Any CPU
	EndGlobalSection
	GlobalSection(SolutionProperties) = preSolution
		HideSolutionNode = FALSE
	EndGlobalSection
EndGlobal
